
Microsoft Visual Studio Solution File, Format Version 12.00
# Visual Studio Version 16
VisualStudioVersion = 16.0.31321.278
MinimumVisualStudioVersion = 10.0.40219.1
Project("{9A19103F-16F7-4668-BE54-9A1E7A4F7556}") = "zwindowscore", "zwindowscore\zwindowscore.csproj", "{A909B5E5-32B4-46D0-B228-1DA0E4CD5C75}"
EndProject
Project("{9A19103F-16F7-4668-BE54-9A1E7A4F7556}") = "VirtualDesktop", "VirtualDesktop\src\VirtualDesktop\VirtualDesktop.csproj", "{8E0E442F-1893-43ED-AA04-594FC562F3B3}"
EndProject
Global
	GlobalSection(SolutionConfigurationPlatforms) = preSolution
		Debug|Any CPU = Debug|Any CPU
		Release|Any CPU = Release|Any CPU
	EndGlobalSection
	GlobalSection(ProjectConfigurationPlatforms) = postSolution
		{A909B5E5-32B4-46D0-B228-1DA0E4CD5C75}.Debug|Any CPU.ActiveCfg = Debug|Any CPU
		{A909B5E5-32B4-46D0-B228-1DA0E4CD5C75}.Debug|Any CPU.Build.0 = Debug|Any CPU
		{A909B5E5-32B4-46D0-B228-1DA0E4CD5C75}.Release|Any CPU.ActiveCfg = Release|Any CPU
		{A909B5E5-32B4-46D0-B228-1DA0E4CD5C75}.Release|Any CPU.Build.0 = Release|Any CPU
		{8E0E442F-1893-43ED-AA04-594FC562F3B3}.Debug|Any CPU.ActiveCfg = Debug|Any CPU
		{8E0E442F-1893-43ED-AA04-594FC562F3B3}.Debug|Any CPU.Build.0 = Debug|Any CPU
		{8E0E442F-1893-43ED-AA04-594FC562F3B3}.Release|Any CPU.ActiveCfg = Release|Any CPU
		{8E0E442F-1893-43ED-AA04-594FC562F3B3}.Release|Any CPU.Build.0 = Release|Any CPU
	EndGlobalSection
	GlobalSection(SolutionProperties) = preSolution
		HideSolutionNode = FALSE
	EndGlobalSection
	GlobalSection(ExtensibilityGlobals) = postSolution
		SolutionGuid = {82784FF3-8651-4081-9071-EBFC1BB39CDD}
	EndGlobalSection
EndGlobal
